
Microsoft Visual Studio Solution File, Format Version 9.00
# Visual Studio 2005
Project("{8BC9CEB8-8B4A-11D0-8D11-00A0C91BC942}") = "dllfile", "dllfile\dllfile.vcproj", "{2C9BF6CE-319E-41BC-83E0-AA1BDA472B54}"
EndProject
Project("{8BC9CEB8-8B4A-11D0-8D11-00A0C91BC942}") = "corefile", "corefile\corefile.vcproj", "{1163E3B4-AD64-43C7-A31D-F6A3F3A7DAE8}"
EndProject
Project("{8BC9CEB8-8B4A-11D0-8D11-00A0C91BC942}") = "dllfile2", "dllfile2\dllfile2.vcproj", "{3E485081-26C9-474D-857B-05E72B0BAAFA}"
EndProject
Global
	GlobalSection(SolutionConfigurationPlatforms) = preSolution
		Debug|Win32 = Debug|Win32
		Release|Win32 = Release|Win32
	EndGlobalSection
	GlobalSection(ProjectConfigurationPlatforms) = postSolution
		{2C9BF6CE-319E-41BC-83E0-AA1BDA472B54}.Debug|Win32.ActiveCfg = Debug|Win32
		{2C9BF6CE-319E-41BC-83E0-AA1BDA472B54}.Debug|Win32.Build.0 = Debug|Win32
		{2C9BF6CE-319E-41BC-83E0-AA1BDA472B54}.Release|Win32.ActiveCfg = Release|Win32
		{2C9BF6CE-319E-41BC-83E0-AA1BDA472B54}.Release|Win32.Build.0 = Release|Win32
		{1163E3B4-AD64-43C7-A31D-F6A3F3A7DAE8}.Debug|Win32.ActiveCfg = Debug|Win32
		{1163E3B4-AD64-43C7-A31D-F6A3F3A7DAE8}.Debug|Win32.Build.0 = Debug|Win32
		{1163E3B4-AD64-43C7-A31D-F6A3F3A7DAE8}.Release|Win32.ActiveCfg = Release|Win32
		{1163E3B4-AD64-43C7-A31D-F6A3F3A7DAE8}.Release|Win32.Build.0 = Release|Win32
		{3E485081-26C9-474D-857B-05E72B0BAAFA}.Debug|Win32.ActiveCfg = Debug|Win32
		{3E485081-26C9-474D-857B-05E72B0BAAFA}.Debug|Win32.Build.0 = Debug|Win32
		{3E485081-26C9-474D-857B-05E72B0BAAFA}.Release|Win32.ActiveCfg = Release|Win32
		{3E485081-26C9-474D-857B-05E72B0BAAFA}.Release|Win32.Build.0 = Release|Win32
	EndGlobalSection
	GlobalSection(SolutionProperties) = preSolution
		HideSolutionNode = FALSE
	EndGlobalSection
EndGlobal
